{
  "dependencies": {
    "aws-sdk": {
      "version": "2.2.28",
      "dependencies": {
        "sax": {
          "version": "0.5.3"
        },
        "xml2js": {
          "version": "0.2.8"
        },
        "xmlbuilder": {
          "version": "0.4.2"
        }
      }
    },
    "json2xml": {
      "version": "0.1.2"
    },
    "jszip": {
      "version": "2.5.0",
      "dependencies": {
        "pako": {
          "version": "0.2.8"
        }
      }
    }
  }
}
